lockfileVersion: '9.0'

settings:
  autoInstallPeers: true
  excludeLinksFromLockfile: false

importers:

  .:
    dependencies:
      '@prisma/client':
        specifier: ^5.19.0
        version: 5.19.0
      zod:
        specifier: ^3.23.8
        version: 3.23.8

packages:

  '@prisma/client@5.19.0':
    resolution: {integrity: sha512-CzOpau+q1kEWQyoQMvlnXIHqPvwmWbh48xZ4n8KWbAql0p8PC0BIgSTYW5ncxXa4JSEff0tcoxSZB874wDstdg==}
    engines: {node: '>=16.13'}
    peerDependencies:
      prisma: '*'
    peerDependenciesMeta:
      prisma:
        optional: true

  zod@3.23.8:
    resolution: {integrity: sha512-XBx9AXhXktjUqnepgTiE5flcKIYWi/rme0Eaj+5Y0lftuGBq+jyRu/md4WnuxqgP1ubdpNCsYEYPxrzVHD8d6g==}

snapshots:

  '@prisma/client@5.19.0': {}

  zod@3.23.8: {}
